Microsoft Visual Studio Solution File, Format Version 12.00
# Visual Studio Version 16
VisualStudioVersion = 16.0.0.0
MinimumVisualStudioVersion = 16.0.0.0
Project("{9A19103F-16F7-4668-BE54-9A1E7A4F7556}") = "AgendamentoPro.FrontEnd", "AgendamentoPro.FrontEnd\AgendamentoPro.FrontEnd.csproj", "{88FDA5F1-89F2-4938-AC96-3379DD2D3446}"
EndProject
Project("{9A19103F-16F7-4668-BE54-9A1E7A4F7556}") = "AgendamentoPro.FrontEnd.Client", "AgendamentoPro.FrontEnd.Client\AgendamentoPro.FrontEnd.Client.csproj", "{7F3A16DF-4C83-4F76-BA86-0CC157620F49}"
EndProject
Global
	GlobalSection(SolutionConfigurationPlatforms) = preSolution
		Debug|Any CPU = Debug|Any CPU
		Debug|x64 = Debug|x64
		Debug|x86 = Debug|x86
		Release|Any CPU = Release|Any CPU
		Release|x64 = Release|x64
		Release|x86 = Release|x86
	EndGlobalSection
	GlobalSection(ProjectConfigurationPlatforms) = postSolution
		{7F3A16DF-4C83-4F76-BA86-0CC157620F49}.Debug|Any CPU.ActiveCfg = Debug|Any CPU
		{7F3A16DF-4C83-4F76-BA86-0CC157620F49}.Debug|Any CPU.Build.0 = Debug|Any CPU
		{7F3A16DF-4C83-4F76-BA86-0CC157620F49}.Debug|x64.ActiveCfg = Debug|Any CPU
		{7F3A16DF-4C83-4F76-BA86-0CC157620F49}.Debug|x64.Build.0 = Debug|Any CPU
		{7F3A16DF-4C83-4F76-BA86-0CC157620F49}.Debug|x86.ActiveCfg = Debug|Any CPU
		{7F3A16DF-4C83-4F76-BA86-0CC157620F49}.Debug|x86.Build.0 = Debug|Any CPU
		{7F3A16DF-4C83-4F76-BA86-0CC157620F49}.Release|Any CPU.ActiveCfg = Release|Any CPU
		{7F3A16DF-4C83-4F76-BA86-0CC157620F49}.Release|Any CPU.Build.0 = Release|Any CPU
		{7F3A16DF-4C83-4F76-BA86-0CC157620F49}.Release|x64.ActiveCfg = Release|Any CPU
		{7F3A16DF-4C83-4F76-BA86-0CC157620F49}.Release|x64.Build.0 = Release|Any CPU
		{7F3A16DF-4C83-4F76-BA86-0CC157620F49}.Release|x86.ActiveCfg = Release|Any CPU
		{7F3A16DF-4C83-4F76-BA86-0CC157620F49}.Release|x86.Build.0 = Release|Any CPU
		{88FDA5F1-89F2-4938-AC96-3379DD2D3446}.Debug|Any CPU.ActiveCfg = Debug|Any CPU
		{88FDA5F1-89F2-4938-AC96-3379DD2D3446}.Debug|Any CPU.Build.0 = Debug|Any CPU
		{88FDA5F1-89F2-4938-AC96-3379DD2D3446}.Debug|x64.ActiveCfg = Debug|Any CPU
		{88FDA5F1-89F2-4938-AC96-3379DD2D3446}.Debug|x64.Build.0 = Debug|Any CPU
		{88FDA5F1-89F2-4938-AC96-3379DD2D3446}.Debug|x86.ActiveCfg = Debug|Any CPU
		{88FDA5F1-89F2-4938-AC96-3379DD2D3446}.Debug|x86.Build.0 = Debug|Any CPU
		{88FDA5F1-89F2-4938-AC96-3379DD2D3446}.Release|Any CPU.ActiveCfg = Release|Any CPU
		{88FDA5F1-89F2-4938-AC96-3379DD2D3446}.Release|Any CPU.Build.0 = Release|Any CPU
		{88FDA5F1-89F2-4938-AC96-3379DD2D3446}.Release|x64.ActiveCfg = Release|Any CPU
		{88FDA5F1-89F2-4938-AC96-3379DD2D3446}.Release|x64.Build.0 = Release|Any CPU
		{88FDA5F1-89F2-4938-AC96-3379DD2D3446}.Release|x86.ActiveCfg = Release|Any CPU
		{88FDA5F1-89F2-4938-AC96-3379DD2D3446}.Release|x86.Build.0 = Release|Any CPU
	EndGlobalSection
	GlobalSection(SolutionProperties) = preSolution
		HideSolutionNode = FALSE
	EndGlobalSection
	GlobalSection(ExtensibilityGlobals) = postSolution
		SolutionGuid = {772300B2-7375-4B15-A01A-F61458380E19}
	EndGlobalSection
EndGlobal
